
Microsoft Visual Studio Solution File, Format Version 12.00
# Visual Studio Version 16
VisualStudioVersion = 16.0.31605.320
MinimumVisualStudioVersion = 10.0.40219.1
Project("{FAE04EC0-301F-11D3-BF4B-00C04F79EFBC}") = "ZSoftApi", "ZSoftApi\ZSoftApi.csproj", "{F68FC55D-EFB6-40D4-9DE4-0AE80202F6EE}"
EndProject
Project("{FAE04EC0-301F-11D3-BF4B-00C04F79EFBC}") = "Entities", "Entities\Entities.csproj", "{A114EE72-5531-4C25-9353-0302F89AC26C}"
EndProject
Project("{FAE04EC0-301F-11D3-BF4B-00C04F79EFBC}") = "DataLayer", "DataLayer\DataLayer.csproj", "{0C90D1E2-2305-4BE3-B46D-BE8AC41B9D97}"
EndProject
Global
	GlobalSection(SolutionConfigurationPlatforms) = preSolution
		Debug|Any CPU = Debug|Any CPU
		Release|Any CPU = Release|Any CPU
	EndGlobalSection
	GlobalSection(ProjectConfigurationPlatforms) = postSolution
		{F68FC55D-EFB6-40D4-9DE4-0AE80202F6EE}.Debug|Any CPU.ActiveCfg = Debug|Any CPU
		{F68FC55D-EFB6-40D4-9DE4-0AE80202F6EE}.Debug|Any CPU.Build.0 = Debug|Any CPU
		{F68FC55D-EFB6-40D4-9DE4-0AE80202F6EE}.Release|Any CPU.ActiveCfg = Release|Any CPU
		{F68FC55D-EFB6-40D4-9DE4-0AE80202F6EE}.Release|Any CPU.Build.0 = Release|Any CPU
		{A114EE72-5531-4C25-9353-0302F89AC26C}.Debug|Any CPU.ActiveCfg = Debug|Any CPU
		{A114EE72-5531-4C25-9353-0302F89AC26C}.Debug|Any CPU.Build.0 = Debug|Any CPU
		{A114EE72-5531-4C25-9353-0302F89AC26C}.Release|Any CPU.ActiveCfg = Release|Any CPU
		{A114EE72-5531-4C25-9353-0302F89AC26C}.Release|Any CPU.Build.0 = Release|Any CPU
		{0C90D1E2-2305-4BE3-B46D-BE8AC41B9D97}.Debug|Any CPU.ActiveCfg = Debug|Any CPU
		{0C90D1E2-2305-4BE3-B46D-BE8AC41B9D97}.Debug|Any CPU.Build.0 = Debug|Any CPU
		{0C90D1E2-2305-4BE3-B46D-BE8AC41B9D97}.Release|Any CPU.ActiveCfg = Release|Any CPU
		{0C90D1E2-2305-4BE3-B46D-BE8AC41B9D97}.Release|Any CPU.Build.0 = Release|Any CPU
	EndGlobalSection
	GlobalSection(SolutionProperties) = preSolution
		HideSolutionNode = FALSE
	EndGlobalSection
	GlobalSection(ExtensibilityGlobals) = postSolution
		SolutionGuid = {8A4094ED-4DA0-42F8-B670-9EA604018B43}
	EndGlobalSection
EndGlobal
